
Microsoft Visual Studio Solution File, Format Version 12.00
# Visual Studio Version 18
VisualStudioVersion = 18.4.11620.152 stable
MinimumVisualStudioVersion = 10.0.40219.1
Project("{FAE04EC0-301F-11D3-BF4B-00C04F79EFBC}") = "AxisTab.Main", "AxisTab.Main\AxisTab.Main.csproj", "{78BEB6C4-36DF-4555-9D5A-FC94C9AF2509}"
EndProject
Project("{FAE04EC0-301F-11D3-BF4B-00C04F79EFBC}") = "AxisTab.R24.3", "AxisTab.R24.3\AxisTab.R24.3.csproj", "{B1A24300-0001-4001-A001-000000000001}"
EndProject
Project("{9A19103F-16F7-4668-BE54-9A1E7A4F7556}") = "AxisTab.R25.1", "AxisTab.R25.1\AxisTab.R25.1.csproj", "{B1A25100-0001-4001-A001-000000000002}"
EndProject
Project("{9A19103F-16F7-4668-BE54-9A1E7A4F7556}") = "AxisTab.R26.0", "AxisTab.R26.0\AxisTab.R26.0.csproj", "{B1A26000-0001-4001-A001-000000000003}"
EndProject
Global
	GlobalSection(SolutionConfigurationPlatforms) = preSolution
		Debug|Any CPU = Debug|Any CPU
		Release|Any CPU = Release|Any CPU
	EndGlobalSection
	GlobalSection(ProjectConfigurationPlatforms) = postSolution
		{78BEB6C4-36DF-4555-9D5A-FC94C9AF2509}.Debug|Any CPU.ActiveCfg = Debug|Any CPU
		{78BEB6C4-36DF-4555-9D5A-FC94C9AF2509}.Debug|Any CPU.Build.0 = Debug|Any CPU
		{78BEB6C4-36DF-4555-9D5A-FC94C9AF2509}.Release|Any CPU.ActiveCfg = Release|Any CPU
		{78BEB6C4-36DF-4555-9D5A-FC94C9AF2509}.Release|Any CPU.Build.0 = Release|Any CPU
		{B1A24300-0001-4001-A001-000000000001}.Debug|Any CPU.ActiveCfg = Debug|Any CPU
		{B1A24300-0001-4001-A001-000000000001}.Debug|Any CPU.Build.0 = Debug|Any CPU
		{B1A24300-0001-4001-A001-000000000001}.Release|Any CPU.ActiveCfg = Release|Any CPU
		{B1A24300-0001-4001-A001-000000000001}.Release|Any CPU.Build.0 = Release|Any CPU
		{B1A25100-0001-4001-A001-000000000002}.Debug|Any CPU.ActiveCfg = Debug|Any CPU
		{B1A25100-0001-4001-A001-000000000002}.Debug|Any CPU.Build.0 = Debug|Any CPU
		{B1A25100-0001-4001-A001-000000000002}.Release|Any CPU.ActiveCfg = Release|Any CPU
		{B1A25100-0001-4001-A001-000000000002}.Release|Any CPU.Build.0 = Release|Any CPU
		{B1A26000-0001-4001-A001-000000000003}.Debug|Any CPU.ActiveCfg = Debug|Any CPU
		{B1A26000-0001-4001-A001-000000000003}.Debug|Any CPU.Build.0 = Debug|Any CPU
		{B1A26000-0001-4001-A001-000000000003}.Release|Any CPU.ActiveCfg = Release|Any CPU
		{B1A26000-0001-4001-A001-000000000003}.Release|Any CPU.Build.0 = Release|Any CPU
	EndGlobalSection
	GlobalSection(SolutionProperties) = preSolution
		HideSolutionNode = FALSE
	EndGlobalSection
	GlobalSection(ExtensibilityGlobals) = postSolution
		SolutionGuid = {EAA26661-5B19-4A59-A9F4-076118B61EA3}
	EndGlobalSection
EndGlobal
