
Microsoft Visual Studio Solution File, Format Version 12.00
# Visual Studio Version 17
VisualStudioVersion = 17.13.35931.197
MinimumVisualStudioVersion = 10.0.40219.1
Project("{FAE04EC0-301F-11D3-BF4B-00C04F79EFBC}") = "AxisTab", "TSODD\AxisTab.csproj", "{78BEB6C4-36DF-4555-9D5A-FC94C9AF2509}"
EndProject
Global
	GlobalSection(SolutionConfigurationPlatforms) = preSolution
		Debug|Any CPU = Debug|Any CPU
		Debug|x64 = Debug|x64
		Release|Any CPU = Release|Any CPU
		Release|x64 = Release|x64
	EndGlobalSection
	GlobalSection(ProjectConfigurationPlatforms) = postSolution
		{78BEB6C4-36DF-4555-9D5A-FC94C9AF2509}.Debug|Any CPU.ActiveCfg = Debug|Any CPU
		{78BEB6C4-36DF-4555-9D5A-FC94C9AF2509}.Debug|Any CPU.Build.0 = Debug|Any CPU
		{78BEB6C4-36DF-4555-9D5A-FC94C9AF2509}.Debug|x64.ActiveCfg = Debug|x64
		{78BEB6C4-36DF-4555-9D5A-FC94C9AF2509}.Debug|x64.Build.0 = Debug|x64
		{78BEB6C4-36DF-4555-9D5A-FC94C9AF2509}.Release|Any CPU.ActiveCfg = Release|Any CPU
		{78BEB6C4-36DF-4555-9D5A-FC94C9AF2509}.Release|Any CPU.Build.0 = Release|Any CPU
		{78BEB6C4-36DF-4555-9D5A-FC94C9AF2509}.Release|x64.ActiveCfg = Release|x64
		{78BEB6C4-36DF-4555-9D5A-FC94C9AF2509}.Release|x64.Build.0 = Release|x64
	EndGlobalSection
	GlobalSection(SolutionProperties) = preSolution
		HideSolutionNode = FALSE
	EndGlobalSection
	GlobalSection(ExtensibilityGlobals) = postSolution
		SolutionGuid = {EAA26661-5B19-4A59-A9F4-076118B61EA3}
	EndGlobalSection
EndGlobal
